// !$*UTF8*$!
{
	archiveVersion = 1;
	classes = {
	};
	objectVersion = 46;
	objects = {

/* Begin PBXBuildFile section */
		3F26D6CC176666EA00215930 /* OfflineDeckTestViewController.m in Sources */ = {isa = PBXBuildFile; fileRef = 3F26D6CB176666EA00215930 /* OfflineDeckTestViewController.m */; };
		3F26D6CF17666E4E00215930 /* HelpViewController.m in Sources */ = {isa = PBXBuildFile; fileRef = 3F26D6CE17666E4E00215930 /* HelpViewController.m */; };
		3F26D6D217666E5E00215930 /* SettingsViewController.m in Sources */ = {isa = PBXBuildFile; fileRef = 3F26D6D117666E5E00215930 /* SettingsViewController.m */; };
		3F26D6D81766721200215930 /* card.png in Resources */ = {isa = PBXBuildFile; fileRef = 3F26D6D71766721200215930 /* card.png */; };
		EA34112A16ECDB0A00AE1196 /* UIKit.framework in Frameworks */ = {isa = PBXBuildFile; fileRef = EA34112916ECDB0A00AE1196 /* UIKit.framework */; };
		EA34112C16ECDB0A00AE1196 /* Foundation.framework in Frameworks */ = {isa = PBXBuildFile; fileRef = EA34112B16ECDB0A00AE1196 /* Foundation.framework */; };
		EA34112E16ECDB0A00AE1196 /* CoreGraphics.framework in Frameworks */ = {isa = PBXBuildFile; fileRef = EA34112D16ECDB0A00AE1196 /* CoreGraphics.framework */; };
		EA34113416ECDB0A00AE1196 /* InfoPlist.strings in Resources */ = {isa = PBXBuildFile; fileRef = EA34113216ECDB0A00AE1196 /* InfoPlist.strings */; };
		EA34113616ECDB0A00AE1196 /* main.m in Sources */ = {isa = PBXBuildFile; fileRef = EA34113516ECDB0A00AE1196 /* main.m */; };
		EA34113A16ECDB0A00AE1196 /* DeckTestAppDelegate.m in Sources */ = {isa = PBXBuildFile; fileRef = EA34113916ECDB0A00AE1196 /* DeckTestAppDelegate.m */; };
		EA34113C16ECDB0A00AE1196 /* Default.png in Resources */ = {isa = PBXBuildFile; fileRef = EA34113B16ECDB0A00AE1196 /* Default.png */; };
		EA34113E16ECDB0A00AE1196 /* Default@2x.png in Resources */ = {isa = PBXBuildFile; fileRef = EA34113D16ECDB0A00AE1196 /* Default@2x.png */; };
		EA34114016ECDB0A00AE1196 /* Default-568h@2x.png in Resources */ = {isa = PBXBuildFile; fileRef = EA34113F16ECDB0A00AE1196 /* Default-568h@2x.png */; };
		EA34114316ECDB0A00AE1196 /* MainStoryboard.storyboard in Resources */ = {isa = PBXBuildFile; fileRef = EA34114116ECDB0A00AE1196 /* MainStoryboard.storyboard */; };
		EA34114616ECDB0A00AE1196 /* DeckTestViewController.m in Sources */ = {isa = PBXBuildFile; fileRef = EA34114516ECDB0A00AE1196 /* DeckTestViewController.m */; };
		EA406807173038AB0084BC4E /* Exercise.m in Sources */ = {isa = PBXBuildFile; fileRef = EA406806173038AB0084BC4E /* Exercise.m */; };
		EA40680A1730463C0084BC4E /* Card.m in Sources */ = {isa = PBXBuildFile; fileRef = EA4068091730463C0084BC4E /* Card.m */; };
		EA46FEB117343C3000E5CCA8 /* NSMutableArray_Shuffle.m in Sources */ = {isa = PBXBuildFile; fileRef = EA46FEB017343C3000E5CCA8 /* NSMutableArray_Shuffle.m */; };
		EABBCE1C1738205B00BAA0FD /* WorkoutCard.m in Sources */ = {isa = PBXBuildFile; fileRef = EABBCE1B1738205B00BAA0FD /* WorkoutCard.m */; };
		EAF98AC417285614008936B7 /* Parse.framework in Frameworks */ = {isa = PBXBuildFile; fileRef = EAF98AC317285614008936B7 /* Parse.framework */; };
		EAF98AC61728567D008936B7 /* AudioToolbox.framework in Frameworks */ = {isa = PBXBuildFile; fileRef = EAF98AC51728567D008936B7 /* AudioToolbox.framework */; };
		EAF98AC81728568A008936B7 /* CFNetwork.framework in Frameworks */ = {isa = PBXBuildFile; fileRef = EAF98AC71728568A008936B7 /* CFNetwork.framework */; };
		EAF98ACA17285699008936B7 /* CoreLocation.framework in Frameworks */ = {isa = PBXBuildFile; fileRef = EAF98AC917285699008936B7 /* CoreLocation.framework */; };
		EAF98ACC172856A8008936B7 /* libz.1.1.3.dylib in Frameworks */ = {isa = PBXBuildFile; fileRef = EAF98ACB172856A8008936B7 /* libz.1.1.3.dylib */; };
		EAF98ACE172856B2008936B7 /* MobileCoreServices.framework in Frameworks */ = {isa = PBXBuildFile; fileRef = EAF98ACD172856B2008936B7 /* MobileCoreServices.framework */; };
		EAF98AD0172856BD008936B7 /* QuartzCore.framework in Frameworks */ = {isa = PBXBuildFile; fileRef = EAF98ACF172856BD008936B7 /* QuartzCore.framework */; };
		EAF98AD2172856C7008936B7 /* Security.framework in Frameworks */ = {isa = PBXBuildFile; fileRef = EAF98AD1172856C7008936B7 /* Security.framework */; };
		EAF98AD4172856CD008936B7 /* StoreKit.framework in Frameworks */ = {isa = PBXBuildFile; fileRef = EAF98AD3172856CD008936B7 /* StoreKit.framework */; };
		EAF98AD6172856DA008936B7 /* SystemConfiguration.framework in Frameworks */ = {isa = PBXBuildFile; fileRef = EAF98AD5172856DA008936B7 /* SystemConfiguration.framework */; };
		EAF98ADA17285A10008936B7 /* Deck.m in Sources */ = {isa = PBXBuildFile; fileRef = EAF98AD917285A10008936B7 /* Deck.m */; };
		EAF98ADD1728BD7D008936B7 /* Workout.m in Sources */ = {isa = PBXBuildFile; fileRef = EAF98ADC1728BD7D008936B7 /* Workout.m */; };
/* End PBXBuildFile section */

/* Begin PBXFileReference section */
		3F26D6CA176666EA00215930 /* OfflineDeckTestViewController.h */ = {isa = PBXFileReference; fileEncoding = 4; lastKnownFileType = sourcecode.c.h; path = OfflineDeckTestViewController.h; sourceTree = "<group>"; };
		3F26D6CB176666EA00215930 /* OfflineDeckTestViewController.m */ = {isa = PBXFileReference; fileEncoding = 4; lastKnownFileType = sourcecode.c.objc; path = OfflineDeckTestViewController.m; sourceTree = "<group>"; };
		3F26D6CD17666E4E00215930 /* HelpViewController.h */ = {isa = PBXFileReference; fileEncoding = 4; lastKnownFileType = sourcecode.c.h; path = HelpViewController.h; sourceTree = "<group>"; };
		3F26D6CE17666E4E00215930 /* HelpViewController.m */ = {isa = PBXFileReference; fileEncoding = 4; lastKnownFileType = sourcecode.c.objc; path = HelpViewController.m; sourceTree = "<group>"; };
		3F26D6D017666E5E00215930 /* SettingsViewController.h */ = {isa = PBXFileReference; fileEncoding = 4; lastKnownFileType = sourcecode.c.h; path = SettingsViewController.h; sourceTree = "<group>"; };
		3F26D6D117666E5E00215930 /* SettingsViewController.m */ = {isa = PBXFileReference; fileEncoding = 4; lastKnownFileType = sourcecode.c.objc; path = SettingsViewController.m; sourceTree = "<group>"; };
		3F26D6D71766721200215930 /* card.png */ = {isa = PBXFileReference; lastKnownFileType = image.png; path = card.png; sourceTree = "<group>"; };
		EA34112516ECDB0A00AE1196 /* DeckTest.app */ = {isa = PBXFileReference; explicitFileType = wrapper.application; includeInIndex = 0; path = DeckTest.app; sourceTree = BUILT_PRODUCTS_DIR; };
		EA34112916ECDB0A00AE1196 /* UIKit.framework */ = {isa = PBXFileReference; lastKnownFileType = wrapper.framework; name = UIKit.framework; path = System/Library/Frameworks/UIKit.framework; sourceTree = SDKROOT; };
		EA34112B16ECDB0A00AE1196 /* Foundation.framework */ = {isa = PBXFileReference; lastKnownFileType = wrapper.framework; name = Foundation.framework; path = System/Library/Frameworks/Foundation.framework; sourceTree = SDKROOT; };
		EA34112D16ECDB0A00AE1196 /* CoreGraphics.framework */ = {isa = PBXFileReference; lastKnownFileType = wrapper.framework; name = CoreGraphics.framework; path = System/Library/Frameworks/CoreGraphics.framework; sourceTree = SDKROOT; };
		EA34113116ECDB0A00AE1196 /* DeckTest-Info.plist */ = {isa = PBXFileReference; lastKnownFileType = text.plist.xml; path = "DeckTest-Info.plist"; sourceTree = "<group>"; };
		EA34113316ECDB0A00AE1196 /* en */ = {isa = PBXFileReference; lastKnownFileType = text.plist.strings; name = en; path = en.lproj/InfoPlist.strings; sourceTree = "<group>"; };
		EA34113516ECDB0A00AE1196 /* main.m */ = {isa = PBXFileReference; lastKnownFileType = sourcecode.c.objc; path = main.m; sourceTree = "<group>"; };
		EA34113716ECDB0A00AE1196 /* DeckTest-Prefix.pch */ = {isa = PBXFileReference; lastKnownFileType = sourcecode.c.h; path = "DeckTest-Prefix.pch"; sourceTree = "<group>"; };
		EA34113816ECDB0A00AE1196 /* DeckTestAppDelegate.h */ = {isa = PBXFileReference; lastKnownFileType = sourcecode.c.h; path = DeckTestAppDelegate.h; sourceTree = "<group>"; };
		EA34113916ECDB0A00AE1196 /* DeckTestAppDelegate.m */ = {isa = PBXFileReference; lastKnownFileType = sourcecode.c.objc; path = DeckTestAppDelegate.m; sourceTree = "<group>"; };
		EA34113B16ECDB0A00AE1196 /* Default.png */ = {isa = PBXFileReference; lastKnownFileType = image.png; path = Default.png; sourceTree = "<group>"; };
		EA34113D16ECDB0A00AE1196 /* Default@2x.png */ = {isa = PBXFileReference; lastKnownFileType = image.png; path = "Default@2x.png"; sourceTree = "<group>"; };
		EA34113F16ECDB0A00AE1196 /* Default-568h@2x.png */ = {isa = PBXFileReference; lastKnownFileType = image.png; path = "Default-568h@2x.png"; sourceTree = "<group>"; };
		EA34114216ECDB0A00AE1196 /* en */ = {isa = PBXFileReference; lastKnownFileType = file.storyboard; name = en; path = en.lproj/MainStoryboard.storyboard; sourceTree = "<group>"; };
		EA34114416ECDB0A00AE1196 /* DeckTestViewController.h */ = {isa = PBXFileReference; lastKnownFileType = sourcecode.c.h; path = DeckTestViewController.h; sourceTree = "<group>"; };
		EA34114516ECDB0A00AE1196 /* DeckTestViewController.m */ = {isa = PBXFileReference; lastKnownFileType = sourcecode.c.objc; path = DeckTestViewController.m; sourceTree = "<group>"; };
		EA406805173038AB0084BC4E /* Exercise.h */ = {isa = PBXFileReference; fileEncoding = 4; lastKnownFileType = sourcecode.c.h; path = Exercise.h; sourceTree = "<group>"; };
		EA406806173038AB0084BC4E /* Exercise.m */ = {isa = PBXFileReference; fileEncoding = 4; lastKnownFileType = sourcecode.c.objc; path = Exercise.m; sourceTree = "<group>"; };
		EA4068081730463C0084BC4E /* Card.h */ = {isa = PBXFileReference; fileEncoding = 4; lastKnownFileType = sourcecode.c.h; path = Card.h; sourceTree = "<group>"; };
		EA4068091730463C0084BC4E /* Card.m */ = {isa = PBXFileReference; fileEncoding = 4; lastKnownFileType = sourcecode.c.objc; path = Card.m; sourceTree = "<group>"; };
		EA46FEAF17343C3000E5CCA8 /* NSMutableArray_Shuffle.h */ = {isa = PBXFileReference; fileEncoding = 4; lastKnownFileType = sourcecode.c.h; path = NSMutableArray_Shuffle.h; sourceTree = "<group>"; };
		EA46FEB017343C3000E5CCA8 /* NSMutableArray_Shuffle.m */ = {isa = PBXFileReference; fileEncoding = 4; lastKnownFileType = sourcecode.c.objc; path = NSMutableArray_Shuffle.m; sourceTree = "<group>"; };
		EABBCE1A1738205B00BAA0FD /* WorkoutCard.h */ = {isa = PBXFileReference; fileEncoding = 4; lastKnownFileType = sourcecode.c.h; path = WorkoutCard.h; sourceTree = "<group>"; };
		EABBCE1B1738205B00BAA0FD /* WorkoutCard.m */ = {isa = PBXFileReference; fileEncoding = 4; lastKnownFileType = sourcecode.c.objc; path = WorkoutCard.m; sourceTree = "<group>"; };
		EAF98AC317285614008936B7 /* Parse.framework */ = {isa = PBXFileReference; lastKnownFileType = wrapper.framework; path = Parse.framework; sourceTree = "<group>"; };
		EAF98AC51728567D008936B7 /* AudioToolbox.framework */ = {isa = PBXFileReference; lastKnownFileType = wrapper.framework; name = AudioToolbox.framework; path = System/Library/Frameworks/AudioToolbox.framework; sourceTree = SDKROOT; };
		EAF98AC71728568A008936B7 /* CFNetwork.framework */ = {isa = PBXFileReference; lastKnownFileType = wrapper.framework; name = CFNetwork.framework; path = System/Library/Frameworks/CFNetwork.framework; sourceTree = SDKROOT; };
		EAF98AC917285699008936B7 /* CoreLocation.framework */ = {isa = PBXFileReference; lastKnownFileType = wrapper.framework; name = CoreLocation.framework; path = System/Library/Frameworks/CoreLocation.framework; sourceTree = SDKROOT; };
		EAF98ACB172856A8008936B7 /* libz.1.1.3.dylib */ = {isa = PBXFileReference; lastKnownFileType = "compiled.mach-o.dylib"; name = libz.1.1.3.dylib; path = usr/lib/libz.1.1.3.dylib; sourceTree = SDKROOT; };
		EAF98ACD172856B2008936B7 /* MobileCoreServices.framework */ = {isa = PBXFileReference; lastKnownFileType = wrapper.framework; name = MobileCoreServices.framework; path = System/Library/Frameworks/MobileCoreServices.framework; sourceTree = SDKROOT; };
		EAF98ACF172856BD008936B7 /* QuartzCore.framework */ = {isa = PBXFileReference; lastKnownFileType = wrapper.framework; name = QuartzCore.framework; path = System/Library/Frameworks/QuartzCore.framework; sourceTree = SDKROOT; };
		EAF98AD1172856C7008936B7 /* Security.framework */ = {isa = PBXFileReference; lastKnownFileType = wrapper.framework; name = Security.framework; path = System/Library/Frameworks/Security.framework; sourceTree = SDKROOT; };
		EAF98AD3172856CD008936B7 /* StoreKit.framework */ = {isa = PBXFileReference; lastKnownFileType = wrapper.framework; name = StoreKit.framework; path = System/Library/Frameworks/StoreKit.framework; sourceTree = SDKROOT; };
		EAF98AD5172856DA008936B7 /* SystemConfiguration.framework */ = {isa = PBXFileReference; lastKnownFileType = wrapper.framework; name = SystemConfiguration.framework; path = System/Library/Frameworks/SystemConfiguration.framework; sourceTree = SDKROOT; };
		EAF98AD817285A10008936B7 /* Deck.h */ = {isa = PBXFileReference; fileEncoding = 4; lastKnownFileType = sourcecode.c.h; path = Deck.h; sourceTree = "<group>"; };
		EAF98AD917285A10008936B7 /* Deck.m */ = {isa = PBXFileReference; fileEncoding = 4; lastKnownFileType = sourcecode.c.objc; path = Deck.m; sourceTree = "<group>"; };
		EAF98ADB1728BD7D008936B7 /* Workout.h */ = {isa = PBXFileReference; fileEncoding = 4; lastKnownFileType = sourcecode.c.h; path = Workout.h; sourceTree = "<group>"; };
		EAF98ADC1728BD7D008936B7 /* Workout.m */ = {isa = PBXFileReference; fileEncoding = 4; lastKnownFileType = sourcecode.c.objc; path = Workout.m; sourceTree = "<group>"; };
/* End PBXFileReference section */

/* Begin PBXFrameworksBuildPhase section */
		EA34112216ECDB0A00AE1196 /* Frameworks */ = {
			isa = PBXFrameworksBuildPhase;
			buildActionMask = 2147483647;
			files = (
				EAF98AD6172856DA008936B7 /* SystemConfiguration.framework in Frameworks */,
				EAF98AD4172856CD008936B7 /* StoreKit.framework in Frameworks */,
				EAF98AD2172856C7008936B7 /* Security.framework in Frameworks */,
				EAF98AD0172856BD008936B7 /* QuartzCore.framework in Frameworks */,
				EAF98ACE172856B2008936B7 /* MobileCoreServices.framework in Frameworks */,
				EAF98ACC172856A8008936B7 /* libz.1.1.3.dylib in Frameworks */,
				EAF98ACA17285699008936B7 /* CoreLocation.framework in Frameworks */,
				EAF98AC81728568A008936B7 /* CFNetwork.framework in Frameworks */,
				EAF98AC61728567D008936B7 /* AudioToolbox.framework in Frameworks */,
				EA34112A16ECDB0A00AE1196 /* UIKit.framework in Frameworks */,
				EA34112C16ECDB0A00AE1196 /* Foundation.framework in Frameworks */,
				EA34112E16ECDB0A00AE1196 /* CoreGraphics.framework in Frameworks */,
				EAF98AC417285614008936B7 /* Parse.framework in Frameworks */,
			);
			runOnlyForDeploymentPostprocessing = 0;
		};
/* End PBXFrameworksBuildPhase section */

/* Begin PBXGroup section */
		EA34111A16ECDB0A00AE1196 = {
			isa = PBXGroup;
			children = (
				EAF98AD5172856DA008936B7 /* SystemConfiguration.framework */,
				EAF98AD3172856CD008936B7 /* StoreKit.framework */,
				EAF98AD1172856C7008936B7 /* Security.framework */,
				EAF98ACF172856BD008936B7 /* QuartzCore.framework */,
				EAF98ACD172856B2008936B7 /* MobileCoreServices.framework */,
				EAF98ACB172856A8008936B7 /* libz.1.1.3.dylib */,
				EAF98AC917285699008936B7 /* CoreLocation.framework */,
				EAF98AC71728568A008936B7 /* CFNetwork.framework */,
				EAF98AC51728567D008936B7 /* AudioToolbox.framework */,
				EA34112F16ECDB0A00AE1196 /* DeckTest */,
				EA34112816ECDB0A00AE1196 /* Frameworks */,
				EA34112616ECDB0A00AE1196 /* Products */,
			);
			sourceTree = "<group>";
		};
		EA34112616ECDB0A00AE1196 /* Products */ = {
			isa = PBXGroup;
			children = (
				EA34112516ECDB0A00AE1196 /* DeckTest.app */,
			);
			name = Products;
			sourceTree = "<group>";
		};
		EA34112816ECDB0A00AE1196 /* Frameworks */ = {
			isa = PBXGroup;
			children = (
				EAF98AC317285614008936B7 /* Parse.framework */,
				EA34112916ECDB0A00AE1196 /* UIKit.framework */,
				EA34112B16ECDB0A00AE1196 /* Foundation.framework */,
				EA34112D16ECDB0A00AE1196 /* CoreGraphics.framework */,
			);
			name = Frameworks;
			sourceTree = "<group>";
		};
		EA34112F16ECDB0A00AE1196 /* DeckTest */ = {
			isa = PBXGroup;
			children = (
				EAF98AD7172859DE008936B7 /* Models */,
				EA34113816ECDB0A00AE1196 /* DeckTestAppDelegate.h */,
				EA34113916ECDB0A00AE1196 /* DeckTestAppDelegate.m */,
				EA34114116ECDB0A00AE1196 /* MainStoryboard.storyboard */,
				3F26D6D017666E5E00215930 /* SettingsViewController.h */,
				3F26D6D117666E5E00215930 /* SettingsViewController.m */,
				3F26D6CD17666E4E00215930 /* HelpViewController.h */,
				3F26D6CE17666E4E00215930 /* HelpViewController.m */,
				3F26D6CA176666EA00215930 /* OfflineDeckTestViewController.h */,
				3F26D6CB176666EA00215930 /* OfflineDeckTestViewController.m */,
				EA34114416ECDB0A00AE1196 /* DeckTestViewController.h */,
				EA34114516ECDB0A00AE1196 /* DeckTestViewController.m */,
				EA34113016ECDB0A00AE1196 /* Supporting Files */,
			);
			path = DeckTest;
			sourceTree = "<group>";
		};
		EA34113016ECDB0A00AE1196 /* Supporting Files */ = {
			isa = PBXGroup;
			children = (
				3F26D6D71766721200215930 /* card.png */,
				EA34113116ECDB0A00AE1196 /* DeckTest-Info.plist */,
				EA34113216ECDB0A00AE1196 /* InfoPlist.strings */,
				EA34113516ECDB0A00AE1196 /* main.m */,
				EA34113716ECDB0A00AE1196 /* DeckTest-Prefix.pch */,
				EA34113B16ECDB0A00AE1196 /* Default.png */,
				EA34113D16ECDB0A00AE1196 /* Default@2x.png */,
				EA34113F16ECDB0A00AE1196 /* Default-568h@2x.png */,
			);
			name = "Supporting Files";
			sourceTree = "<group>";
		};
		EAF98AD7172859DE008936B7 /* Models */ = {
			isa = PBXGroup;
			children = (
				EAF98AD817285A10008936B7 /* Deck.h */,
				EAF98AD917285A10008936B7 /* Deck.m */,
				EAF98ADB1728BD7D008936B7 /* Workout.h */,
				EAF98ADC1728BD7D008936B7 /* Workout.m */,
				EA406805173038AB0084BC4E /* Exercise.h */,
				EA406806173038AB0084BC4E /* Exercise.m */,
				EA4068081730463C0084BC4E /* Card.h */,
				EA4068091730463C0084BC4E /* Card.m */,
				EA46FEAF17343C3000E5CCA8 /* NSMutableArray_Shuffle.h */,
				EA46FEB017343C3000E5CCA8 /* NSMutableArray_Shuffle.m */,
				EABBCE1A1738205B00BAA0FD /* WorkoutCard.h */,
				EABBCE1B1738205B00BAA0FD /* WorkoutCard.m */,
			);
			name = Models;
			sourceTree = "<group>";
		};
/* End PBXGroup section */

/* Begin PBXNativeTarget section */
		EA34112416ECDB0A00AE1196 /* DeckTest */ = {
			isa = PBXNativeTarget;
			buildConfigurationList = EA34114916ECDB0A00AE1196 /* Build configuration list for PBXNativeTarget "DeckTest" */;
			buildPhases = (
				EA34112116ECDB0A00AE1196 /* Sources */,
				EA34112216ECDB0A00AE1196 /* Frameworks */,
				EA34112316ECDB0A00AE1196 /* Resources */,
			);
			buildRules = (
			);
			dependencies = (
			);
			name = DeckTest;
			productName = DeckTest;
			productReference = EA34112516ECDB0A00AE1196 /* DeckTest.app */;
			productType = "com.apple.product-type.application";
		};
/* End PBXNativeTarget section */

/* Begin PBXProject section */
		EA34111C16ECDB0A00AE1196 /* Project object */ = {
			isa = PBXProject;
			attributes = {
				CLASSPREFIX = DeckTest;
				LastUpgradeCheck = 0450;
				ORGANIZATIONNAME = "Brett Gardner";
			};
			buildConfigurationList = EA34111F16ECDB0A00AE1196 /* Build configuration list for PBXProject "DeckTest" */;
			compatibilityVersion = "Xcode 3.2";
			developmentRegion = English;
			hasScannedForEncodings = 0;
			knownRegions = (
				en,
			);
			mainGroup = EA34111A16ECDB0A00AE1196;
			productRefGroup = EA34112616ECDB0A00AE1196 /* Products */;
			projectDirPath = "";
			projectRoot = "";
			targets = (
				EA34112416ECDB0A00AE1196 /* DeckTest */,
			);
		};
/* End PBXProject section */

/* Begin PBXResourcesBuildPhase section */
		EA34112316ECDB0A00AE1196 /* Resources */ = {
			isa = PBXResourcesBuildPhase;
			buildActionMask = 2147483647;
			files = (
				EA34113416ECDB0A00AE1196 /* InfoPlist.strings in Resources */,
				EA34113C16ECDB0A00AE1196 /* Default.png in Resources */,
				EA34113E16ECDB0A00AE1196 /* Default@2x.png in Resources */,
				EA34114016ECDB0A00AE1196 /* Default-568h@2x.png in Resources */,
				EA34114316ECDB0A00AE1196 /* MainStoryboard.storyboard in Resources */,
				3F26D6D81766721200215930 /* card.png in Resources */,
			);
			runOnlyForDeploymentPostprocessing = 0;
		};
/* End PBXResourcesBuildPhase section */

/* Begin PBXSourcesBuildPhase section */
		EA34112116ECDB0A00AE1196 /* Sources */ = {
			isa = PBXSourcesBuildPhase;
			buildActionMask = 2147483647;
			files = (
				EA34113616ECDB0A00AE1196 /* main.m in Sources */,
				EA34113A16ECDB0A00AE1196 /* DeckTestAppDelegate.m in Sources */,
				EA34114616ECDB0A00AE1196 /* DeckTestViewController.m in Sources */,
				EAF98ADA17285A10008936B7 /* Deck.m in Sources */,
				EAF98ADD1728BD7D008936B7 /* Workout.m in Sources */,
				EA406807173038AB0084BC4E /* Exercise.m in Sources */,
				EA40680A1730463C0084BC4E /* Card.m in Sources */,
				EA46FEB117343C3000E5CCA8 /* NSMutableArray_Shuffle.m in Sources */,
				EABBCE1C1738205B00BAA0FD /* WorkoutCard.m in Sources */,
				3F26D6CC176666EA00215930 /* OfflineDeckTestViewController.m in Sources */,
				3F26D6CF17666E4E00215930 /* HelpViewController.m in Sources */,
				3F26D6D217666E5E00215930 /* SettingsViewController.m in Sources */,
			);
			runOnlyForDeploymentPostprocessing = 0;
		};
/* End PBXSourcesBuildPhase section */

/* Begin PBXVariantGroup section */
		EA34113216ECDB0A00AE1196 /* InfoPlist.strings */ = {
			isa = PBXVariantGroup;
			children = (
				EA34113316ECDB0A00AE1196 /* en */,
			);
			name = InfoPlist.strings;
			sourceTree = "<group>";
		};
		EA34114116ECDB0A00AE1196 /* MainStoryboard.storyboard */ = {
			isa = PBXVariantGroup;
			children = (
				EA34114216ECDB0A00AE1196 /* en */,
			);
			name = MainStoryboard.storyboard;
			sourceTree = "<group>";
		};
/* End PBXVariantGroup section */

/* Begin XCBuildConfiguration section */
		EA34114716ECDB0A00AE1196 /* Debug */ = {
			isa = XCBuildConfiguration;
			buildSettings = {
				ALWAYS_SEARCH_USER_PATHS = NO;
				CLANG_CXX_LANGUAGE_STANDARD = "gnu++0x";
				CLANG_CXX_LIBRARY = "libc++";
				CLANG_ENABLE_OBJC_ARC = YES;
				CLANG_WARN_EMPTY_BODY = YES;
				CLANG_WARN__DUPLICATE_METHOD_MATCH = YES;
				"CODE_SIGN_IDENTITY[sdk=iphoneos*]" = "iPhone Developer";
				COPY_PHASE_STRIP = NO;
				GCC_C_LANGUAGE_STANDARD = gnu99;
				GCC_DYNAMIC_NO_PIC = NO;
				GCC_OPTIMIZATION_LEVEL = 0;
				GCC_PREPROCESSOR_DEFINITIONS = (
					"DEBUG=1",
					"$(inherited)",
				);
				GCC_SYMBOLS_PRIVATE_EXTERN = NO;
				GCC_WARN_ABOUT_RETURN_TYPE = YES;
				GCC_WARN_UNINITIALIZED_AUTOS = YES;
				GCC_WARN_UNUSED_VARIABLE = YES;
				IPHONEOS_DEPLOYMENT_TARGET = 6.0;
				ONLY_ACTIVE_ARCH = YES;
				SDKROOT = iphoneos;
			};
			name = Debug;
		};
		EA34114816ECDB0A00AE1196 /* Release */ = {
			isa = XCBuildConfiguration;
			buildSettings = {
				ALWAYS_SEARCH_USER_PATHS = NO;
				CLANG_CXX_LANGUAGE_STANDARD = "gnu++0x";
				CLANG_CXX_LIBRARY = "libc++";
				CLANG_ENABLE_OBJC_ARC = YES;
				CLANG_WARN_EMPTY_BODY = YES;
				CLANG_WARN__DUPLICATE_METHOD_MATCH = YES;
				"CODE_SIGN_IDENTITY[sdk=iphoneos*]" = "iPhone Developer";
				COPY_PHASE_STRIP = YES;
				GCC_C_LANGUAGE_STANDARD = gnu99;
				GCC_WARN_ABOUT_RETURN_TYPE = YES;
				GCC_WARN_UNINITIALIZED_AUTOS = YES;
				GCC_WARN_UNUSED_VARIABLE = YES;
				IPHONEOS_DEPLOYMENT_TARGET = 6.0;
				OTHER_CFLAGS = "-DNS_BLOCK_ASSERTIONS=1";
				SDKROOT = iphoneos;
				VALIDATE_PRODUCT = YES;
			};
			name = Release;
		};
		EA34114A16ECDB0A00AE1196 /* Debug */ = {
			isa = XCBuildConfiguration;
			buildSettings = {
				FRAMEWORK_SEARCH_PATHS = (
					"$(inherited)",
					"\"$(SRCROOT)\"",
				);
				GCC_PRECOMPILE_PREFIX_HEADER = YES;
				GCC_PREFIX_HEADER = "DeckTest/DeckTest-Prefix.pch";
				INFOPLIST_FILE = "DeckTest/DeckTest-Info.plist";
				PRODUCT_NAME = "$(TARGET_NAME)";
				WRAPPER_EXTENSION = app;
			};
			name = Debug;
		};
		EA34114B16ECDB0A00AE1196 /* Release */ = {
			isa = XCBuildConfiguration;
			buildSettings = {
				FRAMEWORK_SEARCH_PATHS = (
					"$(inherited)",
					"\"$(SRCROOT)\"",
				);
				GCC_PRECOMPILE_PREFIX_HEADER = YES;
				GCC_PREFIX_HEADER = "DeckTest/DeckTest-Prefix.pch";
				INFOPLIST_FILE = "DeckTest/DeckTest-Info.plist";
				PRODUCT_NAME = "$(TARGET_NAME)";
				WRAPPER_EXTENSION = app;
			};
			name = Release;
		};
/* End XCBuildConfiguration section */

/* Begin XCConfigurationList section */
		EA34111F16ECDB0A00AE1196 /* Build configuration list for PBXProject "DeckTest" */ = {
			isa = XCConfigurationList;
			buildConfigurations = (
				EA34114716ECDB0A00AE1196 /* Debug */,
				EA34114816ECDB0A00AE1196 /* Release */,
			);
			defaultConfigurationIsVisible = 0;
			defaultConfigurationName = Release;
		};
		EA34114916ECDB0A00AE1196 /* Build configuration list for PBXNativeTarget "DeckTest" */ = {
			isa = XCConfigurationList;
			buildConfigurations = (
				EA34114A16ECDB0A00AE1196 /* Debug */,
				EA34114B16ECDB0A00AE1196 /* Release */,
			);
			defaultConfigurationIsVisible = 0;
			defaultConfigurationName = Release;
		};
/* End XCConfigurationList section */
	};
	rootObject = EA34111C16ECDB0A00AE1196 /* Project object */;
}
